<?xml version="1.0" encoding="utf-8"?>
<Project ToolsVersion="4.0" xmlns="http://schemas.microsoft.com/developer/msbuild/2003">
  <ItemGroup>
    <Filter Include="Source Files">
      <UniqueIdentifier>{4FC737F1-C7A5-4376-A066-2A32D752A2FF}</UniqueIdentifier>
      <Extensions>cpp;c;cc;cxx;def;odl;idl;hpj;bat;asm;asmx</Extensions>
    </Filter>
    <Filter Include="Header Files">
      <UniqueIdentifier>{93995380-89BD-4b04-88EB-625FBE52EBFB}</UniqueIdentifier>
      <Extensions>h;hh;hpp;hxx;hm;inl;inc;xsd</Extensions>
    </Filter>
    <Filter Include="Resource Files">
      <UniqueIdentifier>{67DA6AB6-F800-4c08-8B7A-83BB121AAD01}</UniqueIdentifier>
      <Extensions>rc;ico;cur;bmp;dlg;rc2;rct;bin;rgs;gif;jpg;jpeg;jpe;resx;tiff;tif;png;wav;mfcribbon-ms</Extensions>
    </Filter>
    <Filter Include="Form Files">
      <UniqueIdentifier>{99349809-55BA-4b9d-BF79-8FDBB0286EB3}</UniqueIdentifier>
      <Extensions>ui</Extensions>
    </Filter>
    <Filter Include="Resource Files">
      <UniqueIdentifier>{D9D6E242-F8AF-46E4-B9FD-80ECBC20BA3E}</UniqueIdentifier>
      <Extensions>qrc;*</Extensions>
      <ParseFiles>false</ParseFiles>
    </Filter>
  </ItemGroup>
  <ItemGroup>
    <ClCompile Include="src\main.cpp">
      <Filter>Source Files</Filter>
    </ClCompile>
    <ClCompile Include="src\view\scheduleHorizontalHeader.cpp">
      <Filter>Source Files</Filter>
    </ClCompile>
    <ClCompile Include="src\view\scheduleVerticalHeader.cpp">
      <Filter>Source Files</Filter>
    </ClCompile>
    <ClCompile Include="src\ui\stankinScheduleEditor2.cpp">
      <Filter>Source Files</Filter>
    </ClCompile>
    <ClCompile Include="src\ui\import\confuseDialog.cpp">
      <Filter>Source Files</Filter>
    </ClCompile>
    <ClCompile Include="src\ui\import\importDialog.cpp">
      <Filter>Source Files</Filter>
    </ClCompile>
    <ClCompile Include="src\ui\import\parseFileException.cpp">
      <Filter>Source Files</Filter>
    </ClCompile>
    <ClCompile Include="src\ui\import\parseHighlighter.cpp">
      <Filter>Source Files</Filter>
    </ClCompile>
    <ClCompile Include="src\ui\import\parseWorker.cpp">
      <Filter>Source Files</Filter>
    </ClCompile>
    <ClCompile Include="src\ui\import\parseWorkerManager.cpp">
      <Filter>Source Files</Filter>
    </ClCompile>
    <ClCompile Include="src\ui\import\pooplerWrapper.cpp">
      <Filter>Source Files</Filter>
    </ClCompile>
    <ClCompile Include="src\ui\import\setsDialog.cpp">
      <Filter>Source Files</Filter>
    </ClCompile>
    <ClCompile Include="src\ui\import\tesseractWrapper.cpp">
      <Filter>Source Files</Filter>
    </ClCompile>
    <ClCompile Include="src\ui\import\transitionDialog.cpp">
      <Filter>Source Files</Filter>
    </ClCompile>
    <ClCompile Include="src\ui\editor\dateEditorDialog.cpp">
      <Filter>Source Files</Filter>
    </ClCompile>
    <ClCompile Include="src\ui\editor\pairEditorDialog.cpp">
      <Filter>Source Files</Filter>
    </ClCompile>
    <ClCompile Include="src\ui\editor\pairSelectorDialog.cpp">
      <Filter>Source Files</Filter>
    </ClCompile>
    <ClCompile Include="src\model\schedule.cpp">
      <Filter>Source Files</Filter>
    </ClCompile>
    <ClCompile Include="src\model\scheduleDay.cpp">
      <Filter>Source Files</Filter>
    </ClCompile>
    <ClCompile Include="src\model\pair\date.cpp">
      <Filter>Source Files</Filter>
    </ClCompile>
    <ClCompile Include="src\model\pair\dateItem.cpp">
      <Filter>Source Files</Filter>
    </ClCompile>
    <ClCompile Include="src\model\pair\dateRange.cpp">
      <Filter>Source Files</Filter>
    </ClCompile>
    <ClCompile Include="src\model\pair\dateSingle.cpp">
      <Filter>Source Files</Filter>
    </ClCompile>
    <ClCompile Include="src\model\pair\dayOfWeek.cpp">
      <Filter>Source Files</Filter>
    </ClCompile>
    <ClCompile Include="src\model\pair\frequency.cpp">
      <Filter>Source Files</Filter>
    </ClCompile>
    <ClCompile Include="src\model\pair\pair.cpp">
      <Filter>Source Files</Filter>
    </ClCompile>
    <ClCompile Include="src\model\pair\pairException.cpp">
      <Filter>Source Files</Filter>
    </ClCompile>
    <ClCompile Include="src\model\pair\subgroup.cpp">
      <Filter>Source Files</Filter>
    </ClCompile>
    <ClCompile Include="src\model\pair\time_.cpp">
      <Filter>Source Files</Filter>
    </ClCompile>
    <ClCompile Include="src\model\pair\type.cpp">
      <Filter>Source Files</Filter>
    </ClCompile>
    <ClCompile Include="include\stdafx.cpp">
      <Filter>Source Files</Filter>
    </ClCompile>
  </ItemGroup>
  <ItemGroup>
    <ClInclude Include="src\view\scheduleHorizontalHeader.h">
      <Filter>Header Files</Filter>
    </ClInclude>
    <ClInclude Include="src\view\scheduleVerticalHeader.h">
      <Filter>Header Files</Filter>
    </ClInclude>
    <ClInclude Include="src\ui\stankinScheduleEditor2.h">
      <Filter>Header Files</Filter>
    </ClInclude>
    <ClInclude Include="src\ui\import\confuseDialog.h">
      <Filter>Header Files</Filter>
    </ClInclude>
    <ClInclude Include="src\ui\import\importDialog.h">
      <Filter>Header Files</Filter>
    </ClInclude>
    <ClInclude Include="src\ui\import\parseFileException.h">
      <Filter>Header Files</Filter>
    </ClInclude>
    <ClInclude Include="src\ui\import\parseHighlighter.h">
      <Filter>Header Files</Filter>
    </ClInclude>
    <ClInclude Include="src\ui\import\parseWorker.h">
      <Filter>Header Files</Filter>
    </ClInclude>
    <ClInclude Include="src\ui\import\parseWorkerManager.h">
      <Filter>Header Files</Filter>
    </ClInclude>
    <ClInclude Include="src\ui\import\pooplerWrapper.h">
      <Filter>Header Files</Filter>
    </ClInclude>
    <ClInclude Include="src\ui\import\setsDialog.h">
      <Filter>Header Files</Filter>
    </ClInclude>
    <ClInclude Include="src\ui\import\tesseractWrapper.h">
      <Filter>Header Files</Filter>
    </ClInclude>
    <ClInclude Include="src\ui\import\transitionDialog.h">
      <Filter>Header Files</Filter>
    </ClInclude>
    <ClInclude Include="src\ui\editor\dateEditorDialog.h">
      <Filter>Header Files</Filter>
    </ClInclude>
    <ClInclude Include="src\ui\editor\pairEditorDialog.h">
      <Filter>Header Files</Filter>
    </ClInclude>
    <ClInclude Include="src\ui\editor\pairSelectorDialog.h">
      <Filter>Header Files</Filter>
    </ClInclude>
    <ClInclude Include="src\model\schedule.h">
      <Filter>Header Files</Filter>
    </ClInclude>
    <ClInclude Include="src\model\scheduleDay.h">
      <Filter>Header Files</Filter>
    </ClInclude>
    <ClInclude Include="src\model\pair\date.h">
      <Filter>Header Files</Filter>
    </ClInclude>
    <ClInclude Include="src\model\pair\dateItem.h">
      <Filter>Header Files</Filter>
    </ClInclude>
    <ClInclude Include="src\model\pair\dateRange.h">
      <Filter>Header Files</Filter>
    </ClInclude>
    <ClInclude Include="src\model\pair\dateSingle.h">
      <Filter>Header Files</Filter>
    </ClInclude>
    <ClInclude Include="src\model\pair\dayOfWeek.h">
      <Filter>Header Files</Filter>
    </ClInclude>
    <ClInclude Include="src\model\pair\frequency.h">
      <Filter>Header Files</Filter>
    </ClInclude>
    <ClInclude Include="src\model\pair\pair.h">
      <Filter>Header Files</Filter>
    </ClInclude>
    <ClInclude Include="src\model\pair\pairException.h">
      <Filter>Header Files</Filter>
    </ClInclude>
    <ClInclude Include="src\model\pair\subgroup.h">
      <Filter>Header Files</Filter>
    </ClInclude>
    <ClInclude Include="src\model\pair\time_.h">
      <Filter>Header Files</Filter>
    </ClInclude>
    <ClInclude Include="src\model\pair\type.h">
      <Filter>Header Files</Filter>
    </ClInclude>
    <ClInclude Include="include\stdafx.h">
      <Filter>Header Files</Filter>
    </ClInclude>
  </ItemGroup>
  <ItemGroup>
    <QtUic Include="src\ui\stankinScheduleEditor2.ui">
      <Filter>Form Files</Filter>
    </QtUic>
    <QtUic Include="src\ui\import\confuseDialog.ui">
      <Filter>Form Files</Filter>
    </QtUic>
    <QtUic Include="src\ui\import\importDialog.ui">
      <Filter>Form Files</Filter>
    </QtUic>
    <QtUic Include="src\ui\import\setsDialog.ui">
      <Filter>Form Files</Filter>
    </QtUic>
    <QtUic Include="src\ui\import\transitionDialog.ui">
      <Filter>Form Files</Filter>
    </QtUic>
    <QtUic Include="src\ui\editor\dateEditorDialog.ui">
      <Filter>Form Files</Filter>
    </QtUic>
    <QtUic Include="src\ui\editor\pairEditorDialog.ui">
      <Filter>Form Files</Filter>
    </QtUic>
    <QtUic Include="src\ui\editor\pairSelectorDialog.ui">
      <Filter>Form Files</Filter>
    </QtUic>
  </ItemGroup>
  <ItemGroup>
    <QtRcc Include="res\res.qrc">
      <Filter>Resource Files</Filter>
    </QtRcc>
  </ItemGroup>
</Project>